<?xml version="1.0" encoding="utf-8"?>
<Project ToolsVersion="4.0" xmlns="http://schemas.microsoft.com/developer/msbuild/2003">
  <ItemGroup>
    <Filter Include="Chorus">
      <UniqueIdentifier>{cb63f1c0-d54b-4cf0-bc70-ad7347fb8677}</UniqueIdentifier>
    </Filter>
    <Filter Include="Chorus\ChApp">
      <UniqueIdentifier>{43a23ad1-e241-426a-b62b-17da4cf9ac77}</UniqueIdentifier>
    </Filter>
    <Filter Include="Chorus\src">
      <UniqueIdentifier>{93def64a-3b7d-4de1-b69c-78f219e89d3c}</UniqueIdentifier>
    </Filter>
    <Filter Include="Chorus\XML">
      <UniqueIdentifier>{635b2290-3929-4a46-afb3-e47c92381a69}</UniqueIdentifier>
    </Filter>
    <Filter Include="Game">
      <UniqueIdentifier>{bcfb9102-aaab-4d91-8be4-329d18baa330}</UniqueIdentifier>
    </Filter>
    <Filter Include="Game\Source Files">
      <UniqueIdentifier>{4FC737F1-C7A5-4376-A066-2A32D752A2FF}</UniqueIdentifier>
      <Extensions>cpp;c;cc;cxx;def;odl;idl;hpj;bat;asm;asmx</Extensions>
    </Filter>
    <Filter Include="Game\Header Files">
      <UniqueIdentifier>{93995380-89BD-4b04-88EB-625FBE52EBFB}</UniqueIdentifier>
      <Extensions>h;hpp;hxx;hm;inl;inc;xsd</Extensions>
    </Filter>
    <Filter Include="Resource Files">
      <UniqueIdentifier>{67DA6AB6-F800-4c08-8B7A-83BB121AAD01}</UniqueIdentifier>
      <Extensions>rc;ico;cur;bmp;dlg;rc2;rct;bin;rgs;gif;jpg;jpeg;jpe;resx;tiff;tif;png;wav</Extensions>
    </Filter>
    <Filter Include="Chorus\src\3D Models">
      <UniqueIdentifier>{62fb9401-1e44-4465-b555-1628310ef254}</UniqueIdentifier>
    </Filter>
    <Filter Include="Txt">
      <UniqueIdentifier>{636fb215-900c-4a25-b48b-af613c5c17a1}</UniqueIdentifier>
    </Filter>
  </ItemGroup>
  <ItemGroup>
    <ClCompile Include="ChorusApp.cpp">
      <Filter>Chorus\ChApp</Filter>
    </ClCompile>
    <ClCompile Include="Camera2D.cpp">
      <Filter>Chorus\src</Filter>
    </ClCompile>
    <ClCompile Include="CommandInterpreter.cpp">
      <Filter>Chorus\src</Filter>
    </ClCompile>
    <ClCompile Include="Console.cpp">
      <Filter>Chorus\src</Filter>
    </ClCompile>
    <ClCompile Include="Content.cpp">
      <Filter>Chorus\src</Filter>
    </ClCompile>
    <ClCompile Include="Debug.cpp">
      <Filter>Chorus\src</Filter>
    </ClCompile>
    <ClCompile Include="SpriteBatch.cpp">
      <Filter>Chorus\src</Filter>
    </ClCompile>
    <ClCompile Include="Transform.cpp">
      <Filter>Chorus\src</Filter>
    </ClCompile>
    <ClCompile Include="XBOXController.cpp">
      <Filter>Chorus\src</Filter>
    </ClCompile>
    <ClCompile Include="XML\tinyxml.cpp">
      <Filter>Chorus\XML</Filter>
    </ClCompile>
    <ClCompile Include="XML\tinyxmlerror.cpp">
      <Filter>Chorus\XML</Filter>
    </ClCompile>
    <ClCompile Include="XML\tinyxmlparser.cpp">
      <Filter>Chorus\XML</Filter>
    </ClCompile>
    <ClCompile Include="main.cpp">
      <Filter>Game\Source Files</Filter>
    </ClCompile>
    <ClCompile Include="objModel.cpp">
      <Filter>Chorus\src\3D Models</Filter>
    </ClCompile>
    <ClCompile Include="GameScene.cpp">
      <Filter>Game\Source Files</Filter>
    </ClCompile>
    <ClCompile Include="ParticleSystem.cpp">
      <Filter>Game\Source Files</Filter>
    </ClCompile>
  </ItemGroup>
  <ItemGroup>
    <ClInclude Include="ChorusApp.h">
      <Filter>Chorus\ChApp</Filter>
    </ClInclude>
    <ClInclude Include="Camera2D.h">
      <Filter>Chorus\src</Filter>
    </ClInclude>
    <ClInclude Include="Chorus.h">
      <Filter>Chorus\src</Filter>
    </ClInclude>
    <ClInclude Include="ChorusCore.h">
      <Filter>Chorus\src</Filter>
    </ClInclude>
    <ClInclude Include="CommandInterpreter.h">
      <Filter>Chorus\src</Filter>
    </ClInclude>
    <ClInclude Include="Console.h">
      <Filter>Chorus\src</Filter>
    </ClInclude>
    <ClInclude Include="ConsoleColor.h">
      <Filter>Chorus\src</Filter>
    </ClInclude>
    <ClInclude Include="Content.h">
      <Filter>Chorus\src</Filter>
    </ClInclude>
    <ClInclude Include="Debug.h">
      <Filter>Chorus\src</Filter>
    </ClInclude>
    <ClInclude Include="definitions.h">
      <Filter>Chorus\src</Filter>
    </ClInclude>
    <ClInclude Include="SpriteBatch.h">
      <Filter>Chorus\src</Filter>
    </ClInclude>
    <ClInclude Include="Transform.h">
      <Filter>Chorus\src</Filter>
    </ClInclude>
    <ClInclude Include="XBOXController.h">
      <Filter>Chorus\src</Filter>
    </ClInclude>
    <ClInclude Include="XML\tinyxml.h">
      <Filter>Chorus\XML</Filter>
    </ClInclude>
    <ClInclude Include="stuff.h">
      <Filter>Game\Header Files</Filter>
    </ClInclude>
    <ClInclude Include="objModel.h">
      <Filter>Chorus\src\3D Models</Filter>
    </ClInclude>
    <ClInclude Include="Model3D.h">
      <Filter>Chorus\src\3D Models</Filter>
    </ClInclude>
    <ClInclude Include="GameScene.h">
      <Filter>Game\Header Files</Filter>
    </ClInclude>
    <ClInclude Include="ParticleSystem.h">
      <Filter>Game\Header Files</Filter>
    </ClInclude>
  </ItemGroup>
  <ItemGroup>
    <None Include="ideas.txt">
      <Filter>Txt</Filter>
    </None>
    <None Include="ToDo.txt">
      <Filter>Txt</Filter>
    </None>
  </ItemGroup>
</Project>